
Microsoft Visual Studio Solution File, Format Version 12.00
# Visual Studio Version 17
VisualStudioVersion = 17.5.002.0
MinimumVisualStudioVersion = 10.0.40219.1
Project("{9A19103F-16F7-4668-BE54-9A1E7A4F7556}") = "arrays", "arraysA\arrays.csproj", "{3BDEFCDD-36DB-4AEC-A9B5-434FE5AFF835}"
EndProject
Project("{9A19103F-16F7-4668-BE54-9A1E7A4F7556}") = "arv", "arvA\arv.csproj", "{D7C09B55-75DC-47C8-820D-6232B48B090C}"
EndProject
Project("{9A19103F-16F7-4668-BE54-9A1E7A4F7556}") = "functions", "functionsA\functions.csproj", "{96AB6B67-385E-4D2D-88F3-33A5DDFC795A}"
EndProject
Project("{9A19103F-16F7-4668-BE54-9A1E7A4F7556}") = "ifandloops", "ifandloops\ifandloops.csproj", "{04565F07-FA12-4DFA-8319-86F944C4500A}"
EndProject
Project("{9A19103F-16F7-4668-BE54-9A1E7A4F7556}") = "modul3", "ifandloops\modul3.csproj", "{8735D782-443E-49C2-9B5A-DA30523264B1}"
EndProject
Project("{9A19103F-16F7-4668-BE54-9A1E7A4F7556}") = "objectsandclasses", "objectsandclasses\objectsandclasses.csproj", "{44AD5969-AD17-4E6F-B544-01D23283D674}"
EndProject
Project("{2150E333-8FDC-42A3-9474-1A3956D46DE8}") = "arrays (1)", "arrays", "{24EE0E5F-EAA4-493B-AB0B-63B1D32746E9}"
EndProject
Project("{9A19103F-16F7-4668-BE54-9A1E7A4F7556}") = "ArealOfCircles", "arrays\ArealOfCircles\ArealOfCircles.csproj", "{DC29E2EB-C30F-4CAE-A231-BE69A12D58A5}"
EndProject
Project("{9A19103F-16F7-4668-BE54-9A1E7A4F7556}") = "arraystest", "arrays\arraystest\arraystest.csproj", "{19640FAC-1330-44FF-81E0-E4F40F4E2E68}"
EndProject
Project("{9A19103F-16F7-4668-BE54-9A1E7A4F7556}") = "Calender", "arrays\Calender\Calender.csproj", "{316ED76F-E787-4C47-8FD2-CAD75D7FA2B3}"
EndProject
Project("{9A19103F-16F7-4668-BE54-9A1E7A4F7556}") = "CalenderPrettyPrinter", "arrays\CalenderPrettyPrinter\CalenderPrettyPrinter.csproj", "{43C9AD68-27E9-4A35-A4DB-09CDC2ECB129}"
EndProject
Project("{9A19103F-16F7-4668-BE54-9A1E7A4F7556}") = "DailyTempDiff", "arrays\DailyTempDiff\DailyTempDiff.csproj", "{190C96F8-9BC7-4093-8C7E-942BA7E712A7}"
EndProject
Project("{9A19103F-16F7-4668-BE54-9A1E7A4F7556}") = "LargestInArray", "arrays\LargestInArray\LargestInArray.csproj", "{3924DC14-2151-4257-ABAD-820B2042234D}"
EndProject
Project("{9A19103F-16F7-4668-BE54-9A1E7A4F7556}") = "LengthOfMonth", "arrays\LengthOfMonth\LengthOfMonth.csproj", "{3B15E69C-A5E2-4EE5-B40F-DD227B02A3F2}"
EndProject
Project("{9A19103F-16F7-4668-BE54-9A1E7A4F7556}") = "MultiplicationTable", "arrays\MultiplicationTable\MultiplicationTable.csproj", "{3584B7AD-5AA9-4570-9D28-DC4513BB7114}"
EndProject
Project("{9A19103F-16F7-4668-BE54-9A1E7A4F7556}") = "PrimeNumbers", "arrays\PrimeNumbers\PrimeNumbers.csproj", "{839CBBFE-4CFD-4E0D-9097-E280B928548B}"
EndProject
Project("{9A19103F-16F7-4668-BE54-9A1E7A4F7556}") = "SodukuChecker", "arrays\SodukuChecker\SodukuChecker.csproj", "{9D262219-1C23-4D94-AE38-4E6026F61F74}"
EndProject
Project("{2150E333-8FDC-42A3-9474-1A3956D46DE8}") = "Arv", "Arv", "{E19CB707-76BD-4C1A-86E8-C1370B8287BA}"
EndProject
Project("{9A19103F-16F7-4668-BE54-9A1E7A4F7556}") = "InventorySystem", "Arv\InventorySystem\InventorySystem.csproj", "{802E53A5-FF43-4706-BB4D-7C90F5812FD2}"
EndProject
Project("{2150E333-8FDC-42A3-9474-1A3956D46DE8}") = "Booleans", "Booleans", "{C0A5D68A-CCD1-4CDE-B3D2-D7FEB37E59FB}"
EndProject
Project("{9A19103F-16F7-4668-BE54-9A1E7A4F7556}") = "Dice", "Booleans\Dice\Dice.csproj", "{8C0BEE8F-9F21-4470-9483-3C588620D9A2}"
EndProject
Project("{2150E333-8FDC-42A3-9474-1A3956D46DE8}") = "Branches", "Branches", "{51EE6440-44EF-492E-BC8A-0A004D877D98}"
EndProject
Project("{9A19103F-16F7-4668-BE54-9A1E7A4F7556}") = "ChristmasSale", "Branches\ChristmasSale\ChristmasSale.csproj", "{9526129C-F3A8-48F9-A2DC-40D1C39F0178}"
EndProject
Project("{9A19103F-16F7-4668-BE54-9A1E7A4F7556}") = "Epoch", "Branches\Epoch\Epoch.csproj", "{FC501580-778D-48EC-9C49-6BCD5CD17A44}"
EndProject
Project("{9A19103F-16F7-4668-BE54-9A1E7A4F7556}") = "EpochDiff", "Branches\EpochDiff\EpochDiff.csproj", "{B01EFD5D-19B4-4AD9-AE4B-28DC04C9BCA1}"
EndProject
Project("{9A19103F-16F7-4668-BE54-9A1E7A4F7556}") = "LengthOfMonth", "Branches\LengthOfMonth\LengthOfMonth.csproj", "{3A299FF9-36B9-496A-9E3B-CB5C1472D76D}"
EndProject
Project("{9A19103F-16F7-4668-BE54-9A1E7A4F7556}") = "Vacation", "Branches\Vacation\Vacation.csproj", "{76A3E78A-8666-4659-B8E6-A9FA4C6844AF}"
EndProject
Project("{2150E333-8FDC-42A3-9474-1A3956D46DE8}") = "Exeptions", "Exeptions", "{A99F8760-5304-44F2-9307-34A0D8A3880D}"
EndProject
Project("{9A19103F-16F7-4668-BE54-9A1E7A4F7556}") = "Accounts", "Exeptions\Accounts\Accounts.csproj", "{0A8352AD-D7CE-4A4B-8A43-BD6B0BDECDCE}"
EndProject
Project("{9A19103F-16F7-4668-BE54-9A1E7A4F7556}") = "AverageGrade", "Exeptions\AverageGrade\AverageGrade.csproj", "{2C4C10ED-2451-43EF-AB41-2013939F9CC7}"
EndProject
Project("{2150E333-8FDC-42A3-9474-1A3956D46DE8}") = "Functions", "Functions", "{7994D7D8-ACAF-4222-9E5A-6DE41B3530D5}"
EndProject
Project("{9A19103F-16F7-4668-BE54-9A1E7A4F7556}") = "CircleInNumbers", "Functions\CircleInNumbers\CircleInNumbers.csproj", "{B61D479E-5914-4062-898B-884C13FAB095}"
EndProject
Project("{9A19103F-16F7-4668-BE54-9A1E7A4F7556}") = "FactorialCalculator", "Functions\FactorialCalculator\FactorialCalculator.csproj", "{86D19DD3-B200-4950-AE7B-119CC6558D87}"
EndProject
Project("{9A19103F-16F7-4668-BE54-9A1E7A4F7556}") = "QuadraticEquationSolver", "Functions\QuadraticEquationSolver\QuadraticEquationSolver.csproj", "{0A866946-8E66-4921-8138-08420597721D}"
EndProject
Project("{9A19103F-16F7-4668-BE54-9A1E7A4F7556}") = "SodokuPrettyPrinter", "Functions\SodokuPrettyPrinter\SodokuPrettyPrinter.csproj", "{0FBF902A-74F6-423A-86FB-45A650FEA8BF}"
EndProject
Project("{9A19103F-16F7-4668-BE54-9A1E7A4F7556}") = "Sqrt", "Functions\Sqrt\Sqrt.csproj", "{CF5D23EE-607B-4052-80B8-CFEE5DB635E2}"
EndProject
Project("{9A19103F-16F7-4668-BE54-9A1E7A4F7556}") = "Sum", "Functions\Sum\Sum.csproj", "{0749797F-9B49-443B-8D58-AB5C46740839}"
EndProject
Project("{2150E333-8FDC-42A3-9474-1A3956D46DE8}") = "GeneralPrograming", "GeneralPrograming", "{EA8A6945-1431-443C-84A8-492FEAD897C6}"
EndProject
Project("{9A19103F-16F7-4668-BE54-9A1E7A4F7556}") = "8QueensProblem", "GeneralPrograming\8QueensProblem\8QueensProblem.csproj", "{7B5664D7-BD04-445B-8DCC-D7BBFEB68ED1}"
EndProject
Project("{9A19103F-16F7-4668-BE54-9A1E7A4F7556}") = "GameOfLife", "GeneralPrograming\GameOfLife\GameOfLife.csproj", "{F08C64F2-8A57-47F2-8BB3-6926C0BC73A0}"
EndProject
Project("{9A19103F-16F7-4668-BE54-9A1E7A4F7556}") = "SodukoSolver", "GeneralPrograming\SodukoSolver\SodukoSolver.csproj", "{7B590892-2BCF-4A02-B16C-6E22DBA1CD4A}"
EndProject
Project("{2150E333-8FDC-42A3-9474-1A3956D46DE8}") = "Loops", "Loops", "{C41ABE09-D760-48DE-B49C-A9711A7F4F4E}"
EndProject
Project("{9A19103F-16F7-4668-BE54-9A1E7A4F7556}") = "ArealCircle", "Loops\ArealCircle\ArealCircle.csproj", "{8B985FE4-0FED-4F8B-B834-CCB816A33FE0}"
EndProject
Project("{9A19103F-16F7-4668-BE54-9A1E7A4F7556}") = "CelciusToFahrenheit", "Loops\CelciusToFahrenheit\CelciusToFahrenheit.csproj", "{D4D82B9D-0D32-4F28-88C0-0807A643AD64}"
EndProject
Project("{9A19103F-16F7-4668-BE54-9A1E7A4F7556}") = "CelciusToFahrenheitReverse", "Loops\CelciusToFahrenheitReverse\CelciusToFahrenheitReverse.csproj", "{9DEFF1C8-C703-4670-8219-1C14A7196F8D}"
EndProject
Project("{9A19103F-16F7-4668-BE54-9A1E7A4F7556}") = "PrimeNumbers", "Loops\PrimeNumbers\PrimeNumbers.csproj", "{F7DD5339-CF15-471D-A8E3-60BDAF0B0F40}"
EndProject
Project("{2150E333-8FDC-42A3-9474-1A3956D46DE8}") = "Naming", "Naming", "{3F7EC747-E8E7-452F-80F2-4DD3C840F160}"
EndProject
Project("{9A19103F-16F7-4668-BE54-9A1E7A4F7556}") = "Addition", "Naming\Addition\Addition.csproj", "{3D644554-867F-4B6D-9D61-76C6D5802472}"
EndProject
Project("{9A19103F-16F7-4668-BE54-9A1E7A4F7556}") = "Encapsulation", "Naming\Encapsulation\Encapsulation.csproj", "{C60D04D2-E187-4578-98AB-FCB73776686B}"
EndProject
Project("{9A19103F-16F7-4668-BE54-9A1E7A4F7556}") = "Kittens", "Naming\Kittens\Kittens.csproj", "{41116597-0547-4FE5-A199-0CAE02697FC3}"
EndProject
Project("{9A19103F-16F7-4668-BE54-9A1E7A4F7556}") = "Operations", "Naming\Operations\Operations.csproj", "{59AB415E-6106-4514-BB33-70624E3AA752}"
EndProject
Project("{9A19103F-16F7-4668-BE54-9A1E7A4F7556}") = "Scope", "Naming\Scope\Scope.csproj", "{F6089582-46A2-42A3-9228-CA6B44F235F2}"
EndProject
Project("{2150E333-8FDC-42A3-9474-1A3956D46DE8}") = "Objects", "Objects", "{F07B3FBA-0F5D-456D-87BF-2156593437D2}"
EndProject
Project("{9A19103F-16F7-4668-BE54-9A1E7A4F7556}") = "Colors", "Objects\Colors\Colors.csproj", "{C3865382-9E95-481D-9174-092AE79E6257}"
EndProject
Project("{9A19103F-16F7-4668-BE54-9A1E7A4F7556}") = "Costumers", "Objects\Costumers\Costumers.csproj", "{60A0B4FB-9BD1-40DE-8069-4A5070EACDD7}"
EndProject
Project("{2150E333-8FDC-42A3-9474-1A3956D46DE8}") = "Polymorphy", "Polymorphy", "{B45002C4-5F79-4501-9E31-2982F12D77E3}"
EndProject
Project("{9A19103F-16F7-4668-BE54-9A1E7A4F7556}") = "StockSystem", "Polymorphy\StockSystem\StockSystem.csproj", "{45440D1B-1551-42B6-A940-5F58DBAC6FDF}"
EndProject
Project("{2150E333-8FDC-42A3-9474-1A3956D46DE8}") = "ProgramDevelopment", "ProgramDevelopment", "{BFF71A18-5D67-42E9-B8C8-843EBCDD4080}"
EndProject
Project("{9A19103F-16F7-4668-BE54-9A1E7A4F7556}") = "EnrollmentSystem", "ProgramDevelopment\EnrollmentSystem\EnrollmentSystem.csproj", "{685C608E-AA46-4A93-AD38-42869057A5B8}"
EndProject
Project("{2150E333-8FDC-42A3-9474-1A3956D46DE8}") = "Typer", "Typer", "{7C19BFE2-04C0-488C-9810-6B73631D3A18}"
EndProject
Project("{9A19103F-16F7-4668-BE54-9A1E7A4F7556}") = "HelloWorld", "Typer\HelloWorld\HelloWorld.csproj", "{5FFF608A-7E4F-4EC0-9FBD-BC082D2ACA19}"
EndProject
Project("{9A19103F-16F7-4668-BE54-9A1E7A4F7556}") = "IntegerLimits", "Typer\IntegerLimits\IntegerLimits.csproj", "{4880182B-07D5-4491-93E8-4BF06038132C}"
EndProject
Project("{9A19103F-16F7-4668-BE54-9A1E7A4F7556}") = "TypeCasting", "Typer\TypeCasting\TypeCasting.csproj", "{012EE878-53D8-4FF8-86F3-011F8C14EB42}"
EndProject
Project("{2150E333-8FDC-42A3-9474-1A3956D46DE8}") = "Variable", "Variable", "{EEF2412F-ACF6-4BBB-836E-4813D8790C8D}"
EndProject
Project("{9A19103F-16F7-4668-BE54-9A1E7A4F7556}") = "ArealCircle", "Variable\ArealCircle\ArealCircle.csproj", "{DAE0C19A-1FD9-4C85-B9F3-B9A23B7CD9EC}"
EndProject
Project("{9A19103F-16F7-4668-BE54-9A1E7A4F7556}") = "AverageAge", "Variable\AverageAge\AverageAge.csproj", "{8AD9692B-4A9A-428E-BD88-026FE11B7D78}"
EndProject
Project("{9A19103F-16F7-4668-BE54-9A1E7A4F7556}") = "CelciusToFahrenheit", "Variable\CelciusToFahrenheit\CelciusToFahrenheit.csproj", "{F0EE69B4-1DEE-4558-BB52-A74CB20BBDBD}"
EndProject
Project("{9A19103F-16F7-4668-BE54-9A1E7A4F7556}") = "DailyTempDiff", "Variable\DailyTempDiff\DailyTempDiff.csproj", "{86128164-B48A-440E-8FF6-209AEA6ECE8C}"
EndProject
Project("{9A19103F-16F7-4668-BE54-9A1E7A4F7556}") = "Epoch", "Variable\Epoch\Epoch.csproj", "{CB8D2AC8-00DC-403B-88D8-20BDC8F3D91E}"
EndProject
Project("{9A19103F-16F7-4668-BE54-9A1E7A4F7556}") = "IncrementMonth", "Variable\IncrementMonth\IncrementMonth.csproj", "{9F91BD59-BF7A-455D-890A-687F3ADA1C1E}"
EndProject
Project("{9A19103F-16F7-4668-BE54-9A1E7A4F7556}") = "SumOfArealCircle", "Variable\SumOfArealCircle\SumOfArealCircle.csproj", "{7B73C526-1047-47E5-BB06-FBF5E55BB3C2}"
EndProject
Global
	GlobalSection(SolutionConfigurationPlatforms) = preSolution
		Debug|Any CPU = Debug|Any CPU
		Release|Any CPU = Release|Any CPU
	EndGlobalSection
	GlobalSection(ProjectConfigurationPlatforms) = postSolution
		{3BDEFCDD-36DB-4AEC-A9B5-434FE5AFF835}.Debug|Any CPU.ActiveCfg = Debug|Any CPU
		{3BDEFCDD-36DB-4AEC-A9B5-434FE5AFF835}.Debug|Any CPU.Build.0 = Debug|Any CPU
		{3BDEFCDD-36DB-4AEC-A9B5-434FE5AFF835}.Release|Any CPU.ActiveCfg = Release|Any CPU
		{3BDEFCDD-36DB-4AEC-A9B5-434FE5AFF835}.Release|Any CPU.Build.0 = Release|Any CPU
		{D7C09B55-75DC-47C8-820D-6232B48B090C}.Debug|Any CPU.ActiveCfg = Debug|Any CPU
		{D7C09B55-75DC-47C8-820D-6232B48B090C}.Debug|Any CPU.Build.0 = Debug|Any CPU
		{D7C09B55-75DC-47C8-820D-6232B48B090C}.Release|Any CPU.ActiveCfg = Release|Any CPU
		{D7C09B55-75DC-47C8-820D-6232B48B090C}.Release|Any CPU.Build.0 = Release|Any CPU
		{96AB6B67-385E-4D2D-88F3-33A5DDFC795A}.Debug|Any CPU.ActiveCfg = Debug|Any CPU
		{96AB6B67-385E-4D2D-88F3-33A5DDFC795A}.Debug|Any CPU.Build.0 = Debug|Any CPU
		{96AB6B67-385E-4D2D-88F3-33A5DDFC795A}.Release|Any CPU.ActiveCfg = Release|Any CPU
		{96AB6B67-385E-4D2D-88F3-33A5DDFC795A}.Release|Any CPU.Build.0 = Release|Any CPU
		{04565F07-FA12-4DFA-8319-86F944C4500A}.Debug|Any CPU.ActiveCfg = Debug|Any CPU
		{04565F07-FA12-4DFA-8319-86F944C4500A}.Debug|Any CPU.Build.0 = Debug|Any CPU
		{04565F07-FA12-4DFA-8319-86F944C4500A}.Release|Any CPU.ActiveCfg = Release|Any CPU
		{04565F07-FA12-4DFA-8319-86F944C4500A}.Release|Any CPU.Build.0 = Release|Any CPU
		{8735D782-443E-49C2-9B5A-DA30523264B1}.Debug|Any CPU.ActiveCfg = Debug|Any CPU
		{8735D782-443E-49C2-9B5A-DA30523264B1}.Debug|Any CPU.Build.0 = Debug|Any CPU
		{8735D782-443E-49C2-9B5A-DA30523264B1}.Release|Any CPU.ActiveCfg = Release|Any CPU
		{8735D782-443E-49C2-9B5A-DA30523264B1}.Release|Any CPU.Build.0 = Release|Any CPU
		{44AD5969-AD17-4E6F-B544-01D23283D674}.Debug|Any CPU.ActiveCfg = Debug|Any CPU
		{44AD5969-AD17-4E6F-B544-01D23283D674}.Debug|Any CPU.Build.0 = Debug|Any CPU
		{44AD5969-AD17-4E6F-B544-01D23283D674}.Release|Any CPU.ActiveCfg = Release|Any CPU
		{44AD5969-AD17-4E6F-B544-01D23283D674}.Release|Any CPU.Build.0 = Release|Any CPU
		{DC29E2EB-C30F-4CAE-A231-BE69A12D58A5}.Debug|Any CPU.ActiveCfg = Debug|Any CPU
		{DC29E2EB-C30F-4CAE-A231-BE69A12D58A5}.Debug|Any CPU.Build.0 = Debug|Any CPU
		{DC29E2EB-C30F-4CAE-A231-BE69A12D58A5}.Release|Any CPU.ActiveCfg = Release|Any CPU
		{DC29E2EB-C30F-4CAE-A231-BE69A12D58A5}.Release|Any CPU.Build.0 = Release|Any CPU
		{19640FAC-1330-44FF-81E0-E4F40F4E2E68}.Debug|Any CPU.ActiveCfg = Debug|Any CPU
		{19640FAC-1330-44FF-81E0-E4F40F4E2E68}.Debug|Any CPU.Build.0 = Debug|Any CPU
		{19640FAC-1330-44FF-81E0-E4F40F4E2E68}.Release|Any CPU.ActiveCfg = Release|Any CPU
		{19640FAC-1330-44FF-81E0-E4F40F4E2E68}.Release|Any CPU.Build.0 = Release|Any CPU
		{316ED76F-E787-4C47-8FD2-CAD75D7FA2B3}.Debug|Any CPU.ActiveCfg = Debug|Any CPU
		{316ED76F-E787-4C47-8FD2-CAD75D7FA2B3}.Debug|Any CPU.Build.0 = Debug|Any CPU
		{316ED76F-E787-4C47-8FD2-CAD75D7FA2B3}.Release|Any CPU.ActiveCfg = Release|Any CPU
		{316ED76F-E787-4C47-8FD2-CAD75D7FA2B3}.Release|Any CPU.Build.0 = Release|Any CPU
		{43C9AD68-27E9-4A35-A4DB-09CDC2ECB129}.Debug|Any CPU.ActiveCfg = Debug|Any CPU
		{43C9AD68-27E9-4A35-A4DB-09CDC2ECB129}.Debug|Any CPU.Build.0 = Debug|Any CPU
		{43C9AD68-27E9-4A35-A4DB-09CDC2ECB129}.Release|Any CPU.ActiveCfg = Release|Any CPU
		{43C9AD68-27E9-4A35-A4DB-09CDC2ECB129}.Release|Any CPU.Build.0 = Release|Any CPU
		{190C96F8-9BC7-4093-8C7E-942BA7E712A7}.Debug|Any CPU.ActiveCfg = Debug|Any CPU
		{190C96F8-9BC7-4093-8C7E-942BA7E712A7}.Debug|Any CPU.Build.0 = Debug|Any CPU
		{190C96F8-9BC7-4093-8C7E-942BA7E712A7}.Release|Any CPU.ActiveCfg = Release|Any CPU
		{190C96F8-9BC7-4093-8C7E-942BA7E712A7}.Release|Any CPU.Build.0 = Release|Any CPU
		{3924DC14-2151-4257-ABAD-820B2042234D}.Debug|Any CPU.ActiveCfg = Debug|Any CPU
		{3924DC14-2151-4257-ABAD-820B2042234D}.Debug|Any CPU.Build.0 = Debug|Any CPU
		{3924DC14-2151-4257-ABAD-820B2042234D}.Release|Any CPU.ActiveCfg = Release|Any CPU
		{3924DC14-2151-4257-ABAD-820B2042234D}.Release|Any CPU.Build.0 = Release|Any CPU
		{3B15E69C-A5E2-4EE5-B40F-DD227B02A3F2}.Debug|Any CPU.ActiveCfg = Debug|Any CPU
		{3B15E69C-A5E2-4EE5-B40F-DD227B02A3F2}.Debug|Any CPU.Build.0 = Debug|Any CPU
		{3B15E69C-A5E2-4EE5-B40F-DD227B02A3F2}.Release|Any CPU.ActiveCfg = Release|Any CPU
		{3B15E69C-A5E2-4EE5-B40F-DD227B02A3F2}.Release|Any CPU.Build.0 = Release|Any CPU
		{3584B7AD-5AA9-4570-9D28-DC4513BB7114}.Debug|Any CPU.ActiveCfg = Debug|Any CPU
		{3584B7AD-5AA9-4570-9D28-DC4513BB7114}.Debug|Any CPU.Build.0 = Debug|Any CPU
		{3584B7AD-5AA9-4570-9D28-DC4513BB7114}.Release|Any CPU.ActiveCfg = Release|Any CPU
		{3584B7AD-5AA9-4570-9D28-DC4513BB7114}.Release|Any CPU.Build.0 = Release|Any CPU
		{839CBBFE-4CFD-4E0D-9097-E280B928548B}.Debug|Any CPU.ActiveCfg = Debug|Any CPU
		{839CBBFE-4CFD-4E0D-9097-E280B928548B}.Debug|Any CPU.Build.0 = Debug|Any CPU
		{839CBBFE-4CFD-4E0D-9097-E280B928548B}.Release|Any CPU.ActiveCfg = Release|Any CPU
		{839CBBFE-4CFD-4E0D-9097-E280B928548B}.Release|Any CPU.Build.0 = Release|Any CPU
		{9D262219-1C23-4D94-AE38-4E6026F61F74}.Debug|Any CPU.ActiveCfg = Debug|Any CPU
		{9D262219-1C23-4D94-AE38-4E6026F61F74}.Debug|Any CPU.Build.0 = Debug|Any CPU
		{9D262219-1C23-4D94-AE38-4E6026F61F74}.Release|Any CPU.ActiveCfg = Release|Any CPU
		{9D262219-1C23-4D94-AE38-4E6026F61F74}.Release|Any CPU.Build.0 = Release|Any CPU
		{802E53A5-FF43-4706-BB4D-7C90F5812FD2}.Debug|Any CPU.ActiveCfg = Debug|Any CPU
		{802E53A5-FF43-4706-BB4D-7C90F5812FD2}.Debug|Any CPU.Build.0 = Debug|Any CPU
		{802E53A5-FF43-4706-BB4D-7C90F5812FD2}.Release|Any CPU.ActiveCfg = Release|Any CPU
		{802E53A5-FF43-4706-BB4D-7C90F5812FD2}.Release|Any CPU.Build.0 = Release|Any CPU
		{8C0BEE8F-9F21-4470-9483-3C588620D9A2}.Debug|Any CPU.ActiveCfg = Debug|Any CPU
		{8C0BEE8F-9F21-4470-9483-3C588620D9A2}.Debug|Any CPU.Build.0 = Debug|Any CPU
		{8C0BEE8F-9F21-4470-9483-3C588620D9A2}.Release|Any CPU.ActiveCfg = Release|Any CPU
		{8C0BEE8F-9F21-4470-9483-3C588620D9A2}.Release|Any CPU.Build.0 = Release|Any CPU
		{9526129C-F3A8-48F9-A2DC-40D1C39F0178}.Debug|Any CPU.ActiveCfg = Debug|Any CPU
		{9526129C-F3A8-48F9-A2DC-40D1C39F0178}.Debug|Any CPU.Build.0 = Debug|Any CPU
		{9526129C-F3A8-48F9-A2DC-40D1C39F0178}.Release|Any CPU.ActiveCfg = Release|Any CPU
		{9526129C-F3A8-48F9-A2DC-40D1C39F0178}.Release|Any CPU.Build.0 = Release|Any CPU
		{FC501580-778D-48EC-9C49-6BCD5CD17A44}.Debug|Any CPU.ActiveCfg = Debug|Any CPU
		{FC501580-778D-48EC-9C49-6BCD5CD17A44}.Debug|Any CPU.Build.0 = Debug|Any CPU
		{FC501580-778D-48EC-9C49-6BCD5CD17A44}.Release|Any CPU.ActiveCfg = Release|Any CPU
		{FC501580-778D-48EC-9C49-6BCD5CD17A44}.Release|Any CPU.Build.0 = Release|Any CPU
		{B01EFD5D-19B4-4AD9-AE4B-28DC04C9BCA1}.Debug|Any CPU.ActiveCfg = Debug|Any CPU
		{B01EFD5D-19B4-4AD9-AE4B-28DC04C9BCA1}.Debug|Any CPU.Build.0 = Debug|Any CPU
		{B01EFD5D-19B4-4AD9-AE4B-28DC04C9BCA1}.Release|Any CPU.ActiveCfg = Release|Any CPU
		{B01EFD5D-19B4-4AD9-AE4B-28DC04C9BCA1}.Release|Any CPU.Build.0 = Release|Any CPU
		{3A299FF9-36B9-496A-9E3B-CB5C1472D76D}.Debug|Any CPU.ActiveCfg = Debug|Any CPU
		{3A299FF9-36B9-496A-9E3B-CB5C1472D76D}.Debug|Any CPU.Build.0 = Debug|Any CPU
		{3A299FF9-36B9-496A-9E3B-CB5C1472D76D}.Release|Any CPU.ActiveCfg = Release|Any CPU
		{3A299FF9-36B9-496A-9E3B-CB5C1472D76D}.Release|Any CPU.Build.0 = Release|Any CPU
		{76A3E78A-8666-4659-B8E6-A9FA4C6844AF}.Debug|Any CPU.ActiveCfg = Debug|Any CPU
		{76A3E78A-8666-4659-B8E6-A9FA4C6844AF}.Debug|Any CPU.Build.0 = Debug|Any CPU
		{76A3E78A-8666-4659-B8E6-A9FA4C6844AF}.Release|Any CPU.ActiveCfg = Release|Any CPU
		{76A3E78A-8666-4659-B8E6-A9FA4C6844AF}.Release|Any CPU.Build.0 = Release|Any CPU
		{0A8352AD-D7CE-4A4B-8A43-BD6B0BDECDCE}.Debug|Any CPU.ActiveCfg = Debug|Any CPU
		{0A8352AD-D7CE-4A4B-8A43-BD6B0BDECDCE}.Debug|Any CPU.Build.0 = Debug|Any CPU
		{0A8352AD-D7CE-4A4B-8A43-BD6B0BDECDCE}.Release|Any CPU.ActiveCfg = Release|Any CPU
		{0A8352AD-D7CE-4A4B-8A43-BD6B0BDECDCE}.Release|Any CPU.Build.0 = Release|Any CPU
		{2C4C10ED-2451-43EF-AB41-2013939F9CC7}.Debug|Any CPU.ActiveCfg = Debug|Any CPU
		{2C4C10ED-2451-43EF-AB41-2013939F9CC7}.Debug|Any CPU.Build.0 = Debug|Any CPU
		{2C4C10ED-2451-43EF-AB41-2013939F9CC7}.Release|Any CPU.ActiveCfg = Release|Any CPU
		{2C4C10ED-2451-43EF-AB41-2013939F9CC7}.Release|Any CPU.Build.0 = Release|Any CPU
		{B61D479E-5914-4062-898B-884C13FAB095}.Debug|Any CPU.ActiveCfg = Debug|Any CPU
		{B61D479E-5914-4062-898B-884C13FAB095}.Debug|Any CPU.Build.0 = Debug|Any CPU
		{B61D479E-5914-4062-898B-884C13FAB095}.Release|Any CPU.ActiveCfg = Release|Any CPU
		{B61D479E-5914-4062-898B-884C13FAB095}.Release|Any CPU.Build.0 = Release|Any CPU
		{86D19DD3-B200-4950-AE7B-119CC6558D87}.Debug|Any CPU.ActiveCfg = Debug|Any CPU
		{86D19DD3-B200-4950-AE7B-119CC6558D87}.Debug|Any CPU.Build.0 = Debug|Any CPU
		{86D19DD3-B200-4950-AE7B-119CC6558D87}.Release|Any CPU.ActiveCfg = Release|Any CPU
		{86D19DD3-B200-4950-AE7B-119CC6558D87}.Release|Any CPU.Build.0 = Release|Any CPU
		{0A866946-8E66-4921-8138-08420597721D}.Debug|Any CPU.ActiveCfg = Debug|Any CPU
		{0A866946-8E66-4921-8138-08420597721D}.Debug|Any CPU.Build.0 = Debug|Any CPU
		{0A866946-8E66-4921-8138-08420597721D}.Release|Any CPU.ActiveCfg = Release|Any CPU
		{0A866946-8E66-4921-8138-08420597721D}.Release|Any CPU.Build.0 = Release|Any CPU
		{0FBF902A-74F6-423A-86FB-45A650FEA8BF}.Debug|Any CPU.ActiveCfg = Debug|Any CPU
		{0FBF902A-74F6-423A-86FB-45A650FEA8BF}.Debug|Any CPU.Build.0 = Debug|Any CPU
		{0FBF902A-74F6-423A-86FB-45A650FEA8BF}.Release|Any CPU.ActiveCfg = Release|Any CPU
		{0FBF902A-74F6-423A-86FB-45A650FEA8BF}.Release|Any CPU.Build.0 = Release|Any CPU
		{CF5D23EE-607B-4052-80B8-CFEE5DB635E2}.Debug|Any CPU.ActiveCfg = Debug|Any CPU
		{CF5D23EE-607B-4052-80B8-CFEE5DB635E2}.Debug|Any CPU.Build.0 = Debug|Any CPU
		{CF5D23EE-607B-4052-80B8-CFEE5DB635E2}.Release|Any CPU.ActiveCfg = Release|Any CPU
		{CF5D23EE-607B-4052-80B8-CFEE5DB635E2}.Release|Any CPU.Build.0 = Release|Any CPU
		{0749797F-9B49-443B-8D58-AB5C46740839}.Debug|Any CPU.ActiveCfg = Debug|Any CPU
		{0749797F-9B49-443B-8D58-AB5C46740839}.Debug|Any CPU.Build.0 = Debug|Any CPU
		{0749797F-9B49-443B-8D58-AB5C46740839}.Release|Any CPU.ActiveCfg = Release|Any CPU
		{0749797F-9B49-443B-8D58-AB5C46740839}.Release|Any CPU.Build.0 = Release|Any CPU
		{7B5664D7-BD04-445B-8DCC-D7BBFEB68ED1}.Debug|Any CPU.ActiveCfg = Debug|Any CPU
		{7B5664D7-BD04-445B-8DCC-D7BBFEB68ED1}.Debug|Any CPU.Build.0 = Debug|Any CPU
		{7B5664D7-BD04-445B-8DCC-D7BBFEB68ED1}.Release|Any CPU.ActiveCfg = Release|Any CPU
		{7B5664D7-BD04-445B-8DCC-D7BBFEB68ED1}.Release|Any CPU.Build.0 = Release|Any CPU
		{F08C64F2-8A57-47F2-8BB3-6926C0BC73A0}.Debug|Any CPU.ActiveCfg = Debug|Any CPU
		{F08C64F2-8A57-47F2-8BB3-6926C0BC73A0}.Debug|Any CPU.Build.0 = Debug|Any CPU
		{F08C64F2-8A57-47F2-8BB3-6926C0BC73A0}.Release|Any CPU.ActiveCfg = Release|Any CPU
		{F08C64F2-8A57-47F2-8BB3-6926C0BC73A0}.Release|Any CPU.Build.0 = Release|Any CPU
		{7B590892-2BCF-4A02-B16C-6E22DBA1CD4A}.Debug|Any CPU.ActiveCfg = Debug|Any CPU
		{7B590892-2BCF-4A02-B16C-6E22DBA1CD4A}.Debug|Any CPU.Build.0 = Debug|Any CPU
		{7B590892-2BCF-4A02-B16C-6E22DBA1CD4A}.Release|Any CPU.ActiveCfg = Release|Any CPU
		{7B590892-2BCF-4A02-B16C-6E22DBA1CD4A}.Release|Any CPU.Build.0 = Release|Any CPU
		{8B985FE4-0FED-4F8B-B834-CCB816A33FE0}.Debug|Any CPU.ActiveCfg = Debug|Any CPU
		{8B985FE4-0FED-4F8B-B834-CCB816A33FE0}.Debug|Any CPU.Build.0 = Debug|Any CPU
		{8B985FE4-0FED-4F8B-B834-CCB816A33FE0}.Release|Any CPU.ActiveCfg = Release|Any CPU
		{8B985FE4-0FED-4F8B-B834-CCB816A33FE0}.Release|Any CPU.Build.0 = Release|Any CPU
		{D4D82B9D-0D32-4F28-88C0-0807A643AD64}.Debug|Any CPU.ActiveCfg = Debug|Any CPU
		{D4D82B9D-0D32-4F28-88C0-0807A643AD64}.Debug|Any CPU.Build.0 = Debug|Any CPU
		{D4D82B9D-0D32-4F28-88C0-0807A643AD64}.Release|Any CPU.ActiveCfg = Release|Any CPU
		{D4D82B9D-0D32-4F28-88C0-0807A643AD64}.Release|Any CPU.Build.0 = Release|Any CPU
		{9DEFF1C8-C703-4670-8219-1C14A7196F8D}.Debug|Any CPU.ActiveCfg = Debug|Any CPU
		{9DEFF1C8-C703-4670-8219-1C14A7196F8D}.Debug|Any CPU.Build.0 = Debug|Any CPU
		{9DEFF1C8-C703-4670-8219-1C14A7196F8D}.Release|Any CPU.ActiveCfg = Release|Any CPU
		{9DEFF1C8-C703-4670-8219-1C14A7196F8D}.Release|Any CPU.Build.0 = Release|Any CPU
		{F7DD5339-CF15-471D-A8E3-60BDAF0B0F40}.Debug|Any CPU.ActiveCfg = Debug|Any CPU
		{F7DD5339-CF15-471D-A8E3-60BDAF0B0F40}.Debug|Any CPU.Build.0 = Debug|Any CPU
		{F7DD5339-CF15-471D-A8E3-60BDAF0B0F40}.Release|Any CPU.ActiveCfg = Release|Any CPU
		{F7DD5339-CF15-471D-A8E3-60BDAF0B0F40}.Release|Any CPU.Build.0 = Release|Any CPU
		{3D644554-867F-4B6D-9D61-76C6D5802472}.Debug|Any CPU.ActiveCfg = Debug|Any CPU
		{3D644554-867F-4B6D-9D61-76C6D5802472}.Debug|Any CPU.Build.0 = Debug|Any CPU
		{3D644554-867F-4B6D-9D61-76C6D5802472}.Release|Any CPU.ActiveCfg = Release|Any CPU
		{3D644554-867F-4B6D-9D61-76C6D5802472}.Release|Any CPU.Build.0 = Release|Any CPU
		{C60D04D2-E187-4578-98AB-FCB73776686B}.Debug|Any CPU.ActiveCfg = Debug|Any CPU
		{C60D04D2-E187-4578-98AB-FCB73776686B}.Debug|Any CPU.Build.0 = Debug|Any CPU
		{C60D04D2-E187-4578-98AB-FCB73776686B}.Release|Any CPU.ActiveCfg = Release|Any CPU
		{C60D04D2-E187-4578-98AB-FCB73776686B}.Release|Any CPU.Build.0 = Release|Any CPU
		{41116597-0547-4FE5-A199-0CAE02697FC3}.Debug|Any CPU.ActiveCfg = Debug|Any CPU
		{41116597-0547-4FE5-A199-0CAE02697FC3}.Debug|Any CPU.Build.0 = Debug|Any CPU
		{41116597-0547-4FE5-A199-0CAE02697FC3}.Release|Any CPU.ActiveCfg = Release|Any CPU
		{41116597-0547-4FE5-A199-0CAE02697FC3}.Release|Any CPU.Build.0 = Release|Any CPU
		{59AB415E-6106-4514-BB33-70624E3AA752}.Debug|Any CPU.ActiveCfg = Debug|Any CPU
		{59AB415E-6106-4514-BB33-70624E3AA752}.Debug|Any CPU.Build.0 = Debug|Any CPU
		{59AB415E-6106-4514-BB33-70624E3AA752}.Release|Any CPU.ActiveCfg = Release|Any CPU
		{59AB415E-6106-4514-BB33-70624E3AA752}.Release|Any CPU.Build.0 = Release|Any CPU
		{F6089582-46A2-42A3-9228-CA6B44F235F2}.Debug|Any CPU.ActiveCfg = Debug|Any CPU
		{F6089582-46A2-42A3-9228-CA6B44F235F2}.Debug|Any CPU.Build.0 = Debug|Any CPU
		{F6089582-46A2-42A3-9228-CA6B44F235F2}.Release|Any CPU.ActiveCfg = Release|Any CPU
		{F6089582-46A2-42A3-9228-CA6B44F235F2}.Release|Any CPU.Build.0 = Release|Any CPU
		{C3865382-9E95-481D-9174-092AE79E6257}.Debug|Any CPU.ActiveCfg = Debug|Any CPU
		{C3865382-9E95-481D-9174-092AE79E6257}.Debug|Any CPU.Build.0 = Debug|Any CPU
		{C3865382-9E95-481D-9174-092AE79E6257}.Release|Any CPU.ActiveCfg = Release|Any CPU
		{C3865382-9E95-481D-9174-092AE79E6257}.Release|Any CPU.Build.0 = Release|Any CPU
		{60A0B4FB-9BD1-40DE-8069-4A5070EACDD7}.Debug|Any CPU.ActiveCfg = Debug|Any CPU
		{60A0B4FB-9BD1-40DE-8069-4A5070EACDD7}.Debug|Any CPU.Build.0 = Debug|Any CPU
		{60A0B4FB-9BD1-40DE-8069-4A5070EACDD7}.Release|Any CPU.ActiveCfg = Release|Any CPU
		{60A0B4FB-9BD1-40DE-8069-4A5070EACDD7}.Release|Any CPU.Build.0 = Release|Any CPU
		{45440D1B-1551-42B6-A940-5F58DBAC6FDF}.Debug|Any CPU.ActiveCfg = Debug|Any CPU
		{45440D1B-1551-42B6-A940-5F58DBAC6FDF}.Debug|Any CPU.Build.0 = Debug|Any CPU
		{45440D1B-1551-42B6-A940-5F58DBAC6FDF}.Release|Any CPU.ActiveCfg = Release|Any CPU
		{45440D1B-1551-42B6-A940-5F58DBAC6FDF}.Release|Any CPU.Build.0 = Release|Any CPU
		{685C608E-AA46-4A93-AD38-42869057A5B8}.Debug|Any CPU.ActiveCfg = Debug|Any CPU
		{685C608E-AA46-4A93-AD38-42869057A5B8}.Debug|Any CPU.Build.0 = Debug|Any CPU
		{685C608E-AA46-4A93-AD38-42869057A5B8}.Release|Any CPU.ActiveCfg = Release|Any CPU
		{685C608E-AA46-4A93-AD38-42869057A5B8}.Release|Any CPU.Build.0 = Release|Any CPU
		{5FFF608A-7E4F-4EC0-9FBD-BC082D2ACA19}.Debug|Any CPU.ActiveCfg = Debug|Any CPU
		{5FFF608A-7E4F-4EC0-9FBD-BC082D2ACA19}.Debug|Any CPU.Build.0 = Debug|Any CPU
		{5FFF608A-7E4F-4EC0-9FBD-BC082D2ACA19}.Release|Any CPU.ActiveCfg = Release|Any CPU
		{5FFF608A-7E4F-4EC0-9FBD-BC082D2ACA19}.Release|Any CPU.Build.0 = Release|Any CPU
		{4880182B-07D5-4491-93E8-4BF06038132C}.Debug|Any CPU.ActiveCfg = Debug|Any CPU
		{4880182B-07D5-4491-93E8-4BF06038132C}.Debug|Any CPU.Build.0 = Debug|Any CPU
		{4880182B-07D5-4491-93E8-4BF06038132C}.Release|Any CPU.ActiveCfg = Release|Any CPU
		{4880182B-07D5-4491-93E8-4BF06038132C}.Release|Any CPU.Build.0 = Release|Any CPU
		{012EE878-53D8-4FF8-86F3-011F8C14EB42}.Debug|Any CPU.ActiveCfg = Debug|Any CPU
		{012EE878-53D8-4FF8-86F3-011F8C14EB42}.Debug|Any CPU.Build.0 = Debug|Any CPU
		{012EE878-53D8-4FF8-86F3-011F8C14EB42}.Release|Any CPU.ActiveCfg = Release|Any CPU
		{012EE878-53D8-4FF8-86F3-011F8C14EB42}.Release|Any CPU.Build.0 = Release|Any CPU
		{DAE0C19A-1FD9-4C85-B9F3-B9A23B7CD9EC}.Debug|Any CPU.ActiveCfg = Debug|Any CPU
		{DAE0C19A-1FD9-4C85-B9F3-B9A23B7CD9EC}.Debug|Any CPU.Build.0 = Debug|Any CPU
		{DAE0C19A-1FD9-4C85-B9F3-B9A23B7CD9EC}.Release|Any CPU.ActiveCfg = Release|Any CPU
		{DAE0C19A-1FD9-4C85-B9F3-B9A23B7CD9EC}.Release|Any CPU.Build.0 = Release|Any CPU
		{8AD9692B-4A9A-428E-BD88-026FE11B7D78}.Debug|Any CPU.ActiveCfg = Debug|Any CPU
		{8AD9692B-4A9A-428E-BD88-026FE11B7D78}.Debug|Any CPU.Build.0 = Debug|Any CPU
		{8AD9692B-4A9A-428E-BD88-026FE11B7D78}.Release|Any CPU.ActiveCfg = Release|Any CPU
		{8AD9692B-4A9A-428E-BD88-026FE11B7D78}.Release|Any CPU.Build.0 = Release|Any CPU
		{F0EE69B4-1DEE-4558-BB52-A74CB20BBDBD}.Debug|Any CPU.ActiveCfg = Debug|Any CPU
		{F0EE69B4-1DEE-4558-BB52-A74CB20BBDBD}.Debug|Any CPU.Build.0 = Debug|Any CPU
		{F0EE69B4-1DEE-4558-BB52-A74CB20BBDBD}.Release|Any CPU.ActiveCfg = Release|Any CPU
		{F0EE69B4-1DEE-4558-BB52-A74CB20BBDBD}.Release|Any CPU.Build.0 = Release|Any CPU
		{86128164-B48A-440E-8FF6-209AEA6ECE8C}.Debug|Any CPU.ActiveCfg = Debug|Any CPU
		{86128164-B48A-440E-8FF6-209AEA6ECE8C}.Debug|Any CPU.Build.0 = Debug|Any CPU
		{86128164-B48A-440E-8FF6-209AEA6ECE8C}.Release|Any CPU.ActiveCfg = Release|Any CPU
		{86128164-B48A-440E-8FF6-209AEA6ECE8C}.Release|Any CPU.Build.0 = Release|Any CPU
		{CB8D2AC8-00DC-403B-88D8-20BDC8F3D91E}.Debug|Any CPU.ActiveCfg = Debug|Any CPU
		{CB8D2AC8-00DC-403B-88D8-20BDC8F3D91E}.Debug|Any CPU.Build.0 = Debug|Any CPU
		{CB8D2AC8-00DC-403B-88D8-20BDC8F3D91E}.Release|Any CPU.ActiveCfg = Release|Any CPU
		{CB8D2AC8-00DC-403B-88D8-20BDC8F3D91E}.Release|Any CPU.Build.0 = Release|Any CPU
		{9F91BD59-BF7A-455D-890A-687F3ADA1C1E}.Debug|Any CPU.ActiveCfg = Debug|Any CPU
		{9F91BD59-BF7A-455D-890A-687F3ADA1C1E}.Debug|Any CPU.Build.0 = Debug|Any CPU
		{9F91BD59-BF7A-455D-890A-687F3ADA1C1E}.Release|Any CPU.ActiveCfg = Release|Any CPU
		{9F91BD59-BF7A-455D-890A-687F3ADA1C1E}.Release|Any CPU.Build.0 = Release|Any CPU
		{7B73C526-1047-47E5-BB06-FBF5E55BB3C2}.Debug|Any CPU.ActiveCfg = Debug|Any CPU
		{7B73C526-1047-47E5-BB06-FBF5E55BB3C2}.Debug|Any CPU.Build.0 = Debug|Any CPU
		{7B73C526-1047-47E5-BB06-FBF5E55BB3C2}.Release|Any CPU.ActiveCfg = Release|Any CPU
		{7B73C526-1047-47E5-BB06-FBF5E55BB3C2}.Release|Any CPU.Build.0 = Release|Any CPU
	EndGlobalSection
	GlobalSection(SolutionProperties) = preSolution
		HideSolutionNode = FALSE
	EndGlobalSection
	GlobalSection(NestedProjects) = preSolution
		{DC29E2EB-C30F-4CAE-A231-BE69A12D58A5} = {24EE0E5F-EAA4-493B-AB0B-63B1D32746E9}
		{19640FAC-1330-44FF-81E0-E4F40F4E2E68} = {24EE0E5F-EAA4-493B-AB0B-63B1D32746E9}
		{316ED76F-E787-4C47-8FD2-CAD75D7FA2B3} = {24EE0E5F-EAA4-493B-AB0B-63B1D32746E9}
		{43C9AD68-27E9-4A35-A4DB-09CDC2ECB129} = {24EE0E5F-EAA4-493B-AB0B-63B1D32746E9}
		{190C96F8-9BC7-4093-8C7E-942BA7E712A7} = {24EE0E5F-EAA4-493B-AB0B-63B1D32746E9}
		{3924DC14-2151-4257-ABAD-820B2042234D} = {24EE0E5F-EAA4-493B-AB0B-63B1D32746E9}
		{3B15E69C-A5E2-4EE5-B40F-DD227B02A3F2} = {24EE0E5F-EAA4-493B-AB0B-63B1D32746E9}
		{3584B7AD-5AA9-4570-9D28-DC4513BB7114} = {24EE0E5F-EAA4-493B-AB0B-63B1D32746E9}
		{839CBBFE-4CFD-4E0D-9097-E280B928548B} = {24EE0E5F-EAA4-493B-AB0B-63B1D32746E9}
		{9D262219-1C23-4D94-AE38-4E6026F61F74} = {24EE0E5F-EAA4-493B-AB0B-63B1D32746E9}
		{802E53A5-FF43-4706-BB4D-7C90F5812FD2} = {E19CB707-76BD-4C1A-86E8-C1370B8287BA}
		{8C0BEE8F-9F21-4470-9483-3C588620D9A2} = {C0A5D68A-CCD1-4CDE-B3D2-D7FEB37E59FB}
		{9526129C-F3A8-48F9-A2DC-40D1C39F0178} = {51EE6440-44EF-492E-BC8A-0A004D877D98}
		{FC501580-778D-48EC-9C49-6BCD5CD17A44} = {51EE6440-44EF-492E-BC8A-0A004D877D98}
		{B01EFD5D-19B4-4AD9-AE4B-28DC04C9BCA1} = {51EE6440-44EF-492E-BC8A-0A004D877D98}
		{3A299FF9-36B9-496A-9E3B-CB5C1472D76D} = {51EE6440-44EF-492E-BC8A-0A004D877D98}
		{76A3E78A-8666-4659-B8E6-A9FA4C6844AF} = {51EE6440-44EF-492E-BC8A-0A004D877D98}
		{0A8352AD-D7CE-4A4B-8A43-BD6B0BDECDCE} = {A99F8760-5304-44F2-9307-34A0D8A3880D}
		{2C4C10ED-2451-43EF-AB41-2013939F9CC7} = {A99F8760-5304-44F2-9307-34A0D8A3880D}
		{B61D479E-5914-4062-898B-884C13FAB095} = {7994D7D8-ACAF-4222-9E5A-6DE41B3530D5}
		{86D19DD3-B200-4950-AE7B-119CC6558D87} = {7994D7D8-ACAF-4222-9E5A-6DE41B3530D5}
		{0A866946-8E66-4921-8138-08420597721D} = {7994D7D8-ACAF-4222-9E5A-6DE41B3530D5}
		{0FBF902A-74F6-423A-86FB-45A650FEA8BF} = {7994D7D8-ACAF-4222-9E5A-6DE41B3530D5}
		{CF5D23EE-607B-4052-80B8-CFEE5DB635E2} = {7994D7D8-ACAF-4222-9E5A-6DE41B3530D5}
		{0749797F-9B49-443B-8D58-AB5C46740839} = {7994D7D8-ACAF-4222-9E5A-6DE41B3530D5}
		{7B5664D7-BD04-445B-8DCC-D7BBFEB68ED1} = {EA8A6945-1431-443C-84A8-492FEAD897C6}
		{F08C64F2-8A57-47F2-8BB3-6926C0BC73A0} = {EA8A6945-1431-443C-84A8-492FEAD897C6}
		{7B590892-2BCF-4A02-B16C-6E22DBA1CD4A} = {EA8A6945-1431-443C-84A8-492FEAD897C6}
		{8B985FE4-0FED-4F8B-B834-CCB816A33FE0} = {C41ABE09-D760-48DE-B49C-A9711A7F4F4E}
		{D4D82B9D-0D32-4F28-88C0-0807A643AD64} = {C41ABE09-D760-48DE-B49C-A9711A7F4F4E}
		{9DEFF1C8-C703-4670-8219-1C14A7196F8D} = {C41ABE09-D760-48DE-B49C-A9711A7F4F4E}
		{F7DD5339-CF15-471D-A8E3-60BDAF0B0F40} = {C41ABE09-D760-48DE-B49C-A9711A7F4F4E}
		{3D644554-867F-4B6D-9D61-76C6D5802472} = {3F7EC747-E8E7-452F-80F2-4DD3C840F160}
		{C60D04D2-E187-4578-98AB-FCB73776686B} = {3F7EC747-E8E7-452F-80F2-4DD3C840F160}
		{41116597-0547-4FE5-A199-0CAE02697FC3} = {3F7EC747-E8E7-452F-80F2-4DD3C840F160}
		{59AB415E-6106-4514-BB33-70624E3AA752} = {3F7EC747-E8E7-452F-80F2-4DD3C840F160}
		{F6089582-46A2-42A3-9228-CA6B44F235F2} = {3F7EC747-E8E7-452F-80F2-4DD3C840F160}
		{C3865382-9E95-481D-9174-092AE79E6257} = {F07B3FBA-0F5D-456D-87BF-2156593437D2}
		{60A0B4FB-9BD1-40DE-8069-4A5070EACDD7} = {F07B3FBA-0F5D-456D-87BF-2156593437D2}
		{45440D1B-1551-42B6-A940-5F58DBAC6FDF} = {B45002C4-5F79-4501-9E31-2982F12D77E3}
		{685C608E-AA46-4A93-AD38-42869057A5B8} = {BFF71A18-5D67-42E9-B8C8-843EBCDD4080}
		{5FFF608A-7E4F-4EC0-9FBD-BC082D2ACA19} = {7C19BFE2-04C0-488C-9810-6B73631D3A18}
		{4880182B-07D5-4491-93E8-4BF06038132C} = {7C19BFE2-04C0-488C-9810-6B73631D3A18}
		{012EE878-53D8-4FF8-86F3-011F8C14EB42} = {7C19BFE2-04C0-488C-9810-6B73631D3A18}
		{DAE0C19A-1FD9-4C85-B9F3-B9A23B7CD9EC} = {EEF2412F-ACF6-4BBB-836E-4813D8790C8D}
		{8AD9692B-4A9A-428E-BD88-026FE11B7D78} = {EEF2412F-ACF6-4BBB-836E-4813D8790C8D}
		{F0EE69B4-1DEE-4558-BB52-A74CB20BBDBD} = {EEF2412F-ACF6-4BBB-836E-4813D8790C8D}
		{86128164-B48A-440E-8FF6-209AEA6ECE8C} = {EEF2412F-ACF6-4BBB-836E-4813D8790C8D}
		{CB8D2AC8-00DC-403B-88D8-20BDC8F3D91E} = {EEF2412F-ACF6-4BBB-836E-4813D8790C8D}
		{9F91BD59-BF7A-455D-890A-687F3ADA1C1E} = {EEF2412F-ACF6-4BBB-836E-4813D8790C8D}
		{7B73C526-1047-47E5-BB06-FBF5E55BB3C2} = {EEF2412F-ACF6-4BBB-836E-4813D8790C8D}
	EndGlobalSection
	GlobalSection(ExtensibilityGlobals) = postSolution
		SolutionGuid = {05643908-3621-4356-B323-81BD6AB4EEED}
	EndGlobalSection
EndGlobal
